{
  "name": "@secret-broker/browser-worker",
  "version": "0.1.0",
  "lockfileVersion": 3,
  "requires": true,
  "packages": {
    "": {
      "name": "@secret-broker/browser-worker",
      "version": "0.1.0",
      "license": "MIT",
      "engines": {
        "node": ">=24.20.0 <25"
      }
    }
  }
}
